{
  "pins" : [
    {
      "identity" : "keychainaccess",
      "kind" : "remoteSourceControl",
      "location" : "https://github.com/kishikawakatsumi/KeychainAccess",
      "state" : {
        "branch" : "master",
        "revision" : "ecb18d8ce4d88277cc4fb103973352d91e18c535"
      }
    },
    {
      "identity" : "swift-atomics",
      "kind" : "remoteSourceControl",
      "location" : "https://github.com/apple/swift-atomics.git",
      "state" : {
        "revision" : "cd142fd2f64be2100422d658e7411e39489da985",
        "version" : "1.2.0"
      }
    }
  ],
  "version" : 2
}
